
Microsoft Visual Studio Solution File, Format Version 12.00
# Visual Studio Version 17
VisualStudioVersion = 17.1.32228.430
MinimumVisualStudioVersion = 10.0.40219.1
Project("{2150E333-8FDC-42A3-9474-1A3956D46DE8}") = "Application", "Application", "{AC9C0C93-038C-4377-B236-CE7D99AC7DFE}"
EndProject
Project("{FAE04EC0-301F-11D3-BF4B-00C04F79EFBC}") = "MAU.HttpCliente-Refit.App", "src\MAU.HttpCliente-Refit.App\MAU.HttpCliente-Refit.App.csproj", "{79A8867E-FD58-4DBE-BED6-E211117023CB}"
EndProject
Global
	GlobalSection(SolutionConfigurationPlatforms) = preSolution
		Debug|Any CPU = Debug|Any CPU
		Release|Any CPU = Release|Any CPU
	EndGlobalSection
	GlobalSection(ProjectConfigurationPlatforms) = postSolution
		{79A8867E-FD58-4DBE-BED6-E211117023CB}.Debug|Any CPU.ActiveCfg = Debug|Any CPU
		{79A8867E-FD58-4DBE-BED6-E211117023CB}.Debug|Any CPU.Build.0 = Debug|Any CPU
		{79A8867E-FD58-4DBE-BED6-E211117023CB}.Release|Any CPU.ActiveCfg = Release|Any CPU
		{79A8867E-FD58-4DBE-BED6-E211117023CB}.Release|Any CPU.Build.0 = Release|Any CPU
	EndGlobalSection
	GlobalSection(SolutionProperties) = preSolution
		HideSolutionNode = FALSE
	EndGlobalSection
	GlobalSection(NestedProjects) = preSolution
		{79A8867E-FD58-4DBE-BED6-E211117023CB} = {AC9C0C93-038C-4377-B236-CE7D99AC7DFE}
	EndGlobalSection
	GlobalSection(ExtensibilityGlobals) = postSolution
		SolutionGuid = {08972B35-6FDA-45FE-B685-143BDAAAAE2D}
	EndGlobalSection
EndGlobal
